// !$*UTF8*$!
{
	archiveVersion = 1;
	classes = {
	};
	objectVersion = 48;
	objects = {

/* Begin PBXBuildFile section */
		2CB771D82FB7492C6B29632C /* libPods-OrderList.a in Frameworks */ = {isa = PBXBuildFile; fileRef = E97D387B02D0E1CEFE50ABC3 /* libPods-OrderList.a */; };
		7B19B0E01FDBAAF800FFFD4D /* AppDelegate.m in Sources */ = {isa = PBXBuildFile; fileRef = 7B19B0DF1FDBAAF800FFFD4D /* AppDelegate.m */; };
		7B19B0E81FDBAAF800FFFD4D /* Assets.xcassets in Resources */ = {isa = PBXBuildFile; fileRef = 7B19B0E71FDBAAF800FFFD4D /* Assets.xcassets */; };
		7B19B0EE1FDBAAF800FFFD4D /* main.m in Sources */ = {isa = PBXBuildFile; fileRef = 7B19B0ED1FDBAAF800FFFD4D /* main.m */; };
		7B19B0F81FDBAAF900FFFD4D /* OrderListTests.m in Sources */ = {isa = PBXBuildFile; fileRef = 7B19B0F71FDBAAF900FFFD4D /* OrderListTests.m */; };
		7B19B1031FDBAAF900FFFD4D /* OrderListUITests.m in Sources */ = {isa = PBXBuildFile; fileRef = 7B19B1021FDBAAF900FFFD4D /* OrderListUITests.m */; };
		7BA8783F1FE9FFD400F03FF3 /* XLView_OrderContent.m in Sources */ = {isa = PBXBuildFile; fileRef = 7BA8783E1FE9FFD400F03FF3 /* XLView_OrderContent.m */; };
		7BA878431FEA07C300F03FF3 /* XLViewModel_Order.m in Sources */ = {isa = PBXBuildFile; fileRef = 7BA878421FEA07C300F03FF3 /* XLViewModel_Order.m */; };
		7BA878491FEA5A5E00F03FF3 /* XLOrderHelper.m in Sources */ = {isa = PBXBuildFile; fileRef = 7BA878481FEA5A5E00F03FF3 /* XLOrderHelper.m */; };
		7BA8784E1FEBAD5F00F03FF3 /* GHConsole.m in Sources */ = {isa = PBXBuildFile; fileRef = 7BA8784D1FEBAD5F00F03FF3 /* GHConsole.m */; };
		7BBE8E7C1FE7901900F8D359 /* XLController_Orderlist.m in Sources */ = {isa = PBXBuildFile; fileRef = 7BBE8E7B1FE7901900F8D359 /* XLController_Orderlist.m */; };
		7BBE8E7F1FE7903400F8D359 /* XLModel_BaseOrder.m in Sources */ = {isa = PBXBuildFile; fileRef = 7BBE8E7E1FE7903400F8D359 /* XLModel_BaseOrder.m */; };
		7BBE8E821FE7907600F8D359 /* XLView_OrderItem.m in Sources */ = {isa = PBXBuildFile; fileRef = 7BBE8E811FE7907600F8D359 /* XLView_OrderItem.m */; };
		7BBE8E861FE7947F00F8D359 /* XLCell_OrderItem.m in Sources */ = {isa = PBXBuildFile; fileRef = 7BBE8E851FE7947F00F8D359 /* XLCell_OrderItem.m */; };
		7BBE8E891FE7950300F8D359 /* XLView_OrderHeader.m in Sources */ = {isa = PBXBuildFile; fileRef = 7BBE8E881FE7950300F8D359 /* XLView_OrderHeader.m */; };
		7BBE8E8C1FE7951B00F8D359 /* XLView_OrderFooter.m in Sources */ = {isa = PBXBuildFile; fileRef = 7BBE8E8B1FE7951B00F8D359 /* XLView_OrderFooter.m */; };
/* End PBXBuildFile section */

/* Begin PBXContainerItemProxy section */
		7B19B0F41FDBAAF900FFFD4D /* PBXContainerItemProxy */ = {
			isa = PBXContainerItemProxy;
			containerPortal = 7B19B0D31FDBAAF800FFFD4D /* Project object */;
			proxyType = 1;
			remoteGlobalIDString = 7B19B0DA1FDBAAF800FFFD4D;
			remoteInfo = OrderList;
		};
		7B19B0FF1FDBAAF900FFFD4D /* PBXContainerItemProxy */ = {
			isa = PBXContainerItemProxy;
			containerPortal = 7B19B0D31FDBAAF800FFFD4D /* Project object */;
			proxyType = 1;
			remoteGlobalIDString = 7B19B0DA1FDBAAF800FFFD4D;
			remoteInfo = OrderList;
		};
/* End PBXContainerItemProxy section */

/* Begin PBXFileReference section */
		7B19B0DB1FDBAAF800FFFD4D /* OrderList.app */ = {isa = PBXFileReference; explicitFileType = wrapper.application; includeInIndex = 0; path = OrderList.app; sourceTree = BUILT_PRODUCTS_DIR; };
		7B19B0DE1FDBAAF800FFFD4D /* AppDelegate.h */ = {isa = PBXFileReference; lastKnownFileType = sourcecode.c.h; path = AppDelegate.h; sourceTree = "<group>"; };
		7B19B0DF1FDBAAF800FFFD4D /* AppDelegate.m */ = {isa = PBXFileReference; lastKnownFileType = sourcecode.c.objc; path = AppDelegate.m; sourceTree = "<group>"; };
		7B19B0E71FDBAAF800FFFD4D /* Assets.xcassets */ = {isa = PBXFileReference; lastKnownFileType = folder.assetcatalog; path = Assets.xcassets; sourceTree = "<group>"; };
		7B19B0EC1FDBAAF800FFFD4D /* Info.plist */ = {isa = PBXFileReference; lastKnownFileType = text.plist.xml; path = Info.plist; sourceTree = "<group>"; };
		7B19B0ED1FDBAAF800FFFD4D /* main.m */ = {isa = PBXFileReference; lastKnownFileType = sourcecode.c.objc; path = main.m; sourceTree = "<group>"; };
		7B19B0F31FDBAAF900FFFD4D /* OrderListTests.xctest */ = {isa = PBXFileReference; explicitFileType = wrapper.cfbundle; includeInIndex = 0; path = OrderListTests.xctest; sourceTree = BUILT_PRODUCTS_DIR; };
		7B19B0F71FDBAAF900FFFD4D /* OrderListTests.m */ = {isa = PBXFileReference; lastKnownFileType = sourcecode.c.objc; path = OrderListTests.m; sourceTree = "<group>"; };
		7B19B0F91FDBAAF900FFFD4D /* Info.plist */ = {isa = PBXFileReference; lastKnownFileType = text.plist.xml; path = Info.plist; sourceTree = "<group>"; };
		7B19B0FE1FDBAAF900FFFD4D /* OrderListUITests.xctest */ = {isa = PBXFileReference; explicitFileType = wrapper.cfbundle; includeInIndex = 0; path = OrderListUITests.xctest; sourceTree = BUILT_PRODUCTS_DIR; };
		7B19B1021FDBAAF900FFFD4D /* OrderListUITests.m */ = {isa = PBXFileReference; lastKnownFileType = sourcecode.c.objc; path = OrderListUITests.m; sourceTree = "<group>"; };
		7B19B1041FDBAAF900FFFD4D /* Info.plist */ = {isa = PBXFileReference; lastKnownFileType = text.plist.xml; path = Info.plist; sourceTree = "<group>"; };
		7BA8783D1FE9FFD400F03FF3 /* XLView_OrderContent.h */ = {isa = PBXFileReference; lastKnownFileType = sourcecode.c.h; path = XLView_OrderContent.h; sourceTree = "<group>"; };
		7BA8783E1FE9FFD400F03FF3 /* XLView_OrderContent.m */ = {isa = PBXFileReference; lastKnownFileType = sourcecode.c.objc; path = XLView_OrderContent.m; sourceTree = "<group>"; };
		7BA878401FEA00E400F03FF3 /* UtilsMacro.h */ = {isa = PBXFileReference; lastKnownFileType = sourcecode.c.h; path = UtilsMacro.h; sourceTree = "<group>"; };
		7BA878411FEA07C300F03FF3 /* XLViewModel_Order.h */ = {isa = PBXFileReference; lastKnownFileType = sourcecode.c.h; path = XLViewModel_Order.h; sourceTree = "<group>"; };
		7BA878421FEA07C300F03FF3 /* XLViewModel_Order.m */ = {isa = PBXFileReference; lastKnownFileType = sourcecode.c.objc; path = XLViewModel_Order.m; sourceTree = "<group>"; };
		7BA878471FEA5A5E00F03FF3 /* XLOrderHelper.h */ = {isa = PBXFileReference; lastKnownFileType = sourcecode.c.h; path = XLOrderHelper.h; sourceTree = "<group>"; };
		7BA878481FEA5A5E00F03FF3 /* XLOrderHelper.m */ = {isa = PBXFileReference; lastKnownFileType = sourcecode.c.objc; path = XLOrderHelper.m; sourceTree = "<group>"; };
		7BA8784C1FEBAD5F00F03FF3 /* GHConsole.h */ = {isa = PBXFileReference; fileEncoding = 4; lastKnownFileType = sourcecode.c.h; path = GHConsole.h; sourceTree = "<group>"; };
		7BA8784D1FEBAD5F00F03FF3 /* GHConsole.m */ = {isa = PBXFileReference; fileEncoding = 4; lastKnownFileType = sourcecode.c.objc; path = GHConsole.m; sourceTree = "<group>"; };
		7BBE8E7A1FE7901900F8D359 /* XLController_Orderlist.h */ = {isa = PBXFileReference; lastKnownFileType = sourcecode.c.h; path = XLController_Orderlist.h; sourceTree = "<group>"; };
		7BBE8E7B1FE7901900F8D359 /* XLController_Orderlist.m */ = {isa = PBXFileReference; lastKnownFileType = sourcecode.c.objc; path = XLController_Orderlist.m; sourceTree = "<group>"; };
		7BBE8E7D1FE7903400F8D359 /* XLModel_BaseOrder.h */ = {isa = PBXFileReference; lastKnownFileType = sourcecode.c.h; path = XLModel_BaseOrder.h; sourceTree = "<group>"; };
		7BBE8E7E1FE7903400F8D359 /* XLModel_BaseOrder.m */ = {isa = PBXFileReference; lastKnownFileType = sourcecode.c.objc; path = XLModel_BaseOrder.m; sourceTree = "<group>"; };
		7BBE8E801FE7907600F8D359 /* XLView_OrderItem.h */ = {isa = PBXFileReference; lastKnownFileType = sourcecode.c.h; path = XLView_OrderItem.h; sourceTree = "<group>"; };
		7BBE8E811FE7907600F8D359 /* XLView_OrderItem.m */ = {isa = PBXFileReference; lastKnownFileType = sourcecode.c.objc; path = XLView_OrderItem.m; sourceTree = "<group>"; };
		7BBE8E831FE793B200F8D359 /* OrderUtil.h */ = {isa = PBXFileReference; lastKnownFileType = sourcecode.c.h; path = OrderUtil.h; sourceTree = "<group>"; };
		7BBE8E841FE7947F00F8D359 /* XLCell_OrderItem.h */ = {isa = PBXFileReference; lastKnownFileType = sourcecode.c.h; path = XLCell_OrderItem.h; sourceTree = "<group>"; };
		7BBE8E851FE7947F00F8D359 /* XLCell_OrderItem.m */ = {isa = PBXFileReference; lastKnownFileType = sourcecode.c.objc; path = XLCell_OrderItem.m; sourceTree = "<group>"; };
		7BBE8E871FE7950300F8D359 /* XLView_OrderHeader.h */ = {isa = PBXFileReference; lastKnownFileType = sourcecode.c.h; path = XLView_OrderHeader.h; sourceTree = "<group>"; };
		7BBE8E881FE7950300F8D359 /* XLView_OrderHeader.m */ = {isa = PBXFileReference; lastKnownFileType = sourcecode.c.objc; path = XLView_OrderHeader.m; sourceTree = "<group>"; };
		7BBE8E8A1FE7951B00F8D359 /* XLView_OrderFooter.h */ = {isa = PBXFileReference; lastKnownFileType = sourcecode.c.h; path = XLView_OrderFooter.h; sourceTree = "<group>"; };
		7BBE8E8B1FE7951B00F8D359 /* XLView_OrderFooter.m */ = {isa = PBXFileReference; lastKnownFileType = sourcecode.c.objc; path = XLView_OrderFooter.m; sourceTree = "<group>"; };
		7BBE8E8D1FE797D800F8D359 /* PrefixHeader.pch */ = {isa = PBXFileReference; lastKnownFileType = sourcecode.c.h; path = PrefixHeader.pch; sourceTree = "<group>"; };
		DFCECC4D56763D2065DDDD29 /* Pods-OrderList.debug.xcconfig */ = {isa = PBXFileReference; includeInIndex = 1; lastKnownFileType = text.xcconfig; name = "Pods-OrderList.debug.xcconfig"; path = "Pods/Target Support Files/Pods-OrderList/Pods-OrderList.debug.xcconfig"; sourceTree = "<group>"; };
		E52A2001BE8058CFD1421B02 /* Pods-OrderList.release.xcconfig */ = {isa = PBXFileReference; includeInIndex = 1; lastKnownFileType = text.xcconfig; name = "Pods-OrderList.release.xcconfig"; path = "Pods/Target Support Files/Pods-OrderList/Pods-OrderList.release.xcconfig"; sourceTree = "<group>"; };
		E97D387B02D0E1CEFE50ABC3 /* libPods-OrderList.a */ = {isa = PBXFileReference; explicitFileType = archive.ar; includeInIndex = 0; path = "libPods-OrderList.a"; sourceTree = BUILT_PRODUCTS_DIR; };
/* End PBXFileReference section */

/* Begin PBXFrameworksBuildPhase section */
		7B19B0D81FDBAAF800FFFD4D /* Frameworks */ = {
			isa = PBXFrameworksBuildPhase;
			buildActionMask = 2147483647;
			files = (
				2CB771D82FB7492C6B29632C /* libPods-OrderList.a in Frameworks */,
			);
			runOnlyForDeploymentPostprocessing = 0;
		};
		7B19B0F01FDBAAF900FFFD4D /* Frameworks */ = {
			isa = PBXFrameworksBuildPhase;
			buildActionMask = 2147483647;
			files = (
			);
			runOnlyForDeploymentPostprocessing = 0;
		};
		7B19B0FB1FDBAAF900FFFD4D /* Frameworks */ = {
			isa = PBXFrameworksBuildPhase;
			buildActionMask = 2147483647;
			files = (
			);
			runOnlyForDeploymentPostprocessing = 0;
		};
/* End PBXFrameworksBuildPhase section */

/* Begin PBXGroup section */
		7B19B0D21FDBAAF800FFFD4D = {
			isa = PBXGroup;
			children = (
				7B19B0DD1FDBAAF800FFFD4D /* OrderList */,
				7B19B0F61FDBAAF900FFFD4D /* OrderListTests */,
				7B19B1011FDBAAF900FFFD4D /* OrderListUITests */,
				7B19B0DC1FDBAAF800FFFD4D /* Products */,
				9C33E7B8EDDD677F3207AC73 /* Pods */,
				BF03E22B6AFB6D68ABD95D39 /* Frameworks */,
			);
			sourceTree = "<group>";
		};
		7B19B0DC1FDBAAF800FFFD4D /* Products */ = {
			isa = PBXGroup;
			children = (
				7B19B0DB1FDBAAF800FFFD4D /* OrderList.app */,
				7B19B0F31FDBAAF900FFFD4D /* OrderListTests.xctest */,
				7B19B0FE1FDBAAF900FFFD4D /* OrderListUITests.xctest */,
			);
			name = Products;
			sourceTree = "<group>";
		};
		7B19B0DD1FDBAAF800FFFD4D /* OrderList */ = {
			isa = PBXGroup;
			children = (
				7BA8784A1FEBAD5F00F03FF3 /* Utils */,
				7BBE8E751FE78FE800F8D359 /* Founction */,
				7B19B0DE1FDBAAF800FFFD4D /* AppDelegate.h */,
				7B19B0DF1FDBAAF800FFFD4D /* AppDelegate.m */,
				7B19B0E71FDBAAF800FFFD4D /* Assets.xcassets */,
				7B19B0EC1FDBAAF800FFFD4D /* Info.plist */,
				7B19B0ED1FDBAAF800FFFD4D /* main.m */,
				7BBE8E8D1FE797D800F8D359 /* PrefixHeader.pch */,
			);
			path = OrderList;
			sourceTree = "<group>";
		};
		7B19B0F61FDBAAF900FFFD4D /* OrderListTests */ = {
			isa = PBXGroup;
			children = (
				7B19B0F71FDBAAF900FFFD4D /* OrderListTests.m */,
				7B19B0F91FDBAAF900FFFD4D /* Info.plist */,
			);
			path = OrderListTests;
			sourceTree = "<group>";
		};
		7B19B1011FDBAAF900FFFD4D /* OrderListUITests */ = {
			isa = PBXGroup;
			children = (
				7B19B1021FDBAAF900FFFD4D /* OrderListUITests.m */,
				7B19B1041FDBAAF900FFFD4D /* Info.plist */,
			);
			path = OrderListUITests;
			sourceTree = "<group>";
		};
		7BA8784A1FEBAD5F00F03FF3 /* Utils */ = {
			isa = PBXGroup;
			children = (
				7BA8784B1FEBAD5F00F03FF3 /* GHConsole */,
			);
			path = Utils;
			sourceTree = "<group>";
		};
		7BA8784B1FEBAD5F00F03FF3 /* GHConsole */ = {
			isa = PBXGroup;
			children = (
				7BA8784C1FEBAD5F00F03FF3 /* GHConsole.h */,
				7BA8784D1FEBAD5F00F03FF3 /* GHConsole.m */,
			);
			path = GHConsole;
			sourceTree = "<group>";
		};
		7BBE8E751FE78FE800F8D359 /* Founction */ = {
			isa = PBXGroup;
			children = (
				7BBE8E761FE78FE800F8D359 /* Models */,
				7BBE8E771FE78FE800F8D359 /* Others */,
				7BBE8E781FE78FE800F8D359 /* ViewControolers */,
				7BBE8E791FE78FE800F8D359 /* Views */,
			);
			path = Founction;
			sourceTree = "<group>";
		};
		7BBE8E761FE78FE800F8D359 /* Models */ = {
			isa = PBXGroup;
			children = (
				7BBE8E7D1FE7903400F8D359 /* XLModel_BaseOrder.h */,
				7BBE8E7E1FE7903400F8D359 /* XLModel_BaseOrder.m */,
				7BA878411FEA07C300F03FF3 /* XLViewModel_Order.h */,
				7BA878421FEA07C300F03FF3 /* XLViewModel_Order.m */,
			);
			path = Models;
			sourceTree = "<group>";
		};
		7BBE8E771FE78FE800F8D359 /* Others */ = {
			isa = PBXGroup;
			children = (
				7BBE8E831FE793B200F8D359 /* OrderUtil.h */,
				7BA878401FEA00E400F03FF3 /* UtilsMacro.h */,
				7BA878471FEA5A5E00F03FF3 /* XLOrderHelper.h */,
				7BA878481FEA5A5E00F03FF3 /* XLOrderHelper.m */,
			);
			path = Others;
			sourceTree = "<group>";
		};
		7BBE8E781FE78FE800F8D359 /* ViewControolers */ = {
			isa = PBXGroup;
			children = (
				7BBE8E7A1FE7901900F8D359 /* XLController_Orderlist.h */,
				7BBE8E7B1FE7901900F8D359 /* XLController_Orderlist.m */,
			);
			path = ViewControolers;
			sourceTree = "<group>";
		};
		7BBE8E791FE78FE800F8D359 /* Views */ = {
			isa = PBXGroup;
			children = (
				7BBE8E801FE7907600F8D359 /* XLView_OrderItem.h */,
				7BBE8E811FE7907600F8D359 /* XLView_OrderItem.m */,
				7BBE8E841FE7947F00F8D359 /* XLCell_OrderItem.h */,
				7BBE8E851FE7947F00F8D359 /* XLCell_OrderItem.m */,
				7BBE8E871FE7950300F8D359 /* XLView_OrderHeader.h */,
				7BBE8E881FE7950300F8D359 /* XLView_OrderHeader.m */,
				7BBE8E8A1FE7951B00F8D359 /* XLView_OrderFooter.h */,
				7BBE8E8B1FE7951B00F8D359 /* XLView_OrderFooter.m */,
				7BA8783D1FE9FFD400F03FF3 /* XLView_OrderContent.h */,
				7BA8783E1FE9FFD400F03FF3 /* XLView_OrderContent.m */,
			);
			path = Views;
			sourceTree = "<group>";
		};
		9C33E7B8EDDD677F3207AC73 /* Pods */ = {
			isa = PBXGroup;
			children = (
				DFCECC4D56763D2065DDDD29 /* Pods-OrderList.debug.xcconfig */,
				E52A2001BE8058CFD1421B02 /* Pods-OrderList.release.xcconfig */,
			);
			name = Pods;
			sourceTree = "<group>";
		};
		BF03E22B6AFB6D68ABD95D39 /* Frameworks */ = {
			isa = PBXGroup;
			children = (
				E97D387B02D0E1CEFE50ABC3 /* libPods-OrderList.a */,
			);
			name = Frameworks;
			sourceTree = "<group>";
		};
/* End PBXGroup section */

/* Begin PBXNativeTarget section */
		7B19B0DA1FDBAAF800FFFD4D /* OrderList */ = {
			isa = PBXNativeTarget;
			buildConfigurationList = 7B19B1071FDBAAF900FFFD4D /* Build configuration list for PBXNativeTarget "OrderList" */;
			buildPhases = (
				8E52F9F7BEC791F4754C7F46 /* [CP] Check Pods Manifest.lock */,
				7B19B0D71FDBAAF800FFFD4D /* Sources */,
				7B19B0D81FDBAAF800FFFD4D /* Frameworks */,
				7B19B0D91FDBAAF800FFFD4D /* Resources */,
				ACB693F8B70037ECDFA65E4F /* [CP] Embed Pods Frameworks */,
				1E0E2E7638AB19D613729FA1 /* [CP] Copy Pods Resources */,
			);
			buildRules = (
			);
			dependencies = (
			);
			name = OrderList;
			productName = OrderList;
			productReference = 7B19B0DB1FDBAAF800FFFD4D /* OrderList.app */;
			productType = "com.apple.product-type.application";
		};
		7B19B0F21FDBAAF900FFFD4D /* OrderListTests */ = {
			isa = PBXNativeTarget;
			buildConfigurationList = 7B19B10A1FDBAAF900FFFD4D /* Build configuration list for PBXNativeTarget "OrderListTests" */;
			buildPhases = (
				7B19B0EF1FDBAAF900FFFD4D /* Sources */,
				7B19B0F01FDBAAF900FFFD4D /* Frameworks */,
				7B19B0F11FDBAAF900FFFD4D /* Resources */,
			);
			buildRules = (
			);
			dependencies = (
				7B19B0F51FDBAAF900FFFD4D /* PBXTargetDependency */,
			);
			name = OrderListTests;
			productName = OrderListTests;
			productReference = 7B19B0F31FDBAAF900FFFD4D /* OrderListTests.xctest */;
			productType = "com.apple.product-type.bundle.unit-test";
		};
		7B19B0FD1FDBAAF900FFFD4D /* OrderListUITests */ = {
			isa = PBXNativeTarget;
			buildConfigurationList = 7B19B10D1FDBAAF900FFFD4D /* Build configuration list for PBXNativeTarget "OrderListUITests" */;
			buildPhases = (
				7B19B0FA1FDBAAF900FFFD4D /* Sources */,
				7B19B0FB1FDBAAF900FFFD4D /* Frameworks */,
				7B19B0FC1FDBAAF900FFFD4D /* Resources */,
			);
			buildRules = (
			);
			dependencies = (
				7B19B1001FDBAAF900FFFD4D /* PBXTargetDependency */,
			);
			name = OrderListUITests;
			productName = OrderListUITests;
			productReference = 7B19B0FE1FDBAAF900FFFD4D /* OrderListUITests.xctest */;
			productType = "com.apple.product-type.bundle.ui-testing";
		};
/* End PBXNativeTarget section */

/* Begin PBXProject section */
		7B19B0D31FDBAAF800FFFD4D /* Project object */ = {
			isa = PBXProject;
			attributes = {
				LastUpgradeCheck = 0900;
				ORGANIZATIONNAME = dxl;
				TargetAttributes = {
					7B19B0DA1FDBAAF800FFFD4D = {
						CreatedOnToolsVersion = 9.0;
						ProvisioningStyle = Manual;
					};
					7B19B0F21FDBAAF900FFFD4D = {
						CreatedOnToolsVersion = 9.0;
						ProvisioningStyle = Automatic;
						TestTargetID = 7B19B0DA1FDBAAF800FFFD4D;
					};
					7B19B0FD1FDBAAF900FFFD4D = {
						CreatedOnToolsVersion = 9.0;
						ProvisioningStyle = Automatic;
						TestTargetID = 7B19B0DA1FDBAAF800FFFD4D;
					};
				};
			};
			buildConfigurationList = 7B19B0D61FDBAAF800FFFD4D /* Build configuration list for PBXProject "OrderList" */;
			compatibilityVersion = "Xcode 8.0";
			developmentRegion = en;
			hasScannedForEncodings = 0;
			knownRegions = (
				en,
				Base,
			);
			mainGroup = 7B19B0D21FDBAAF800FFFD4D;
			productRefGroup = 7B19B0DC1FDBAAF800FFFD4D /* Products */;
			projectDirPath = "";
			projectRoot = "";
			targets = (
				7B19B0DA1FDBAAF800FFFD4D /* OrderList */,
				7B19B0F21FDBAAF900FFFD4D /* OrderListTests */,
				7B19B0FD1FDBAAF900FFFD4D /* OrderListUITests */,
			);
		};
/* End PBXProject section */

/* Begin PBXResourcesBuildPhase section */
		7B19B0D91FDBAAF800FFFD4D /* Resources */ = {
			isa = PBXResourcesBuildPhase;
			buildActionMask = 2147483647;
			files = (
				7B19B0E81FDBAAF800FFFD4D /* Assets.xcassets in Resources */,
			);
			runOnlyForDeploymentPostprocessing = 0;
		};
		7B19B0F11FDBAAF900FFFD4D /* Resources */ = {
			isa = PBXResourcesBuildPhase;
			buildActionMask = 2147483647;
			files = (
			);
			runOnlyForDeploymentPostprocessing = 0;
		};
		7B19B0FC1FDBAAF900FFFD4D /* Resources */ = {
			isa = PBXResourcesBuildPhase;
			buildActionMask = 2147483647;
			files = (
			);
			runOnlyForDeploymentPostprocessing = 0;
		};
/* End PBXResourcesBuildPhase section */

/* Begin PBXShellScriptBuildPhase section */
		1E0E2E7638AB19D613729FA1 /* [CP] Copy Pods Resources */ = {
			isa = PBXShellScriptBuildPhase;
			buildActionMask = 2147483647;
			files = (
			);
			inputPaths = (
			);
			name = "[CP] Copy Pods Resources";
			outputPaths = (
			);
			runOnlyForDeploymentPostprocessing = 0;
			shellPath = /bin/sh;
			shellScript = "\"${SRCROOT}/Pods/Target Support Files/Pods-OrderList/Pods-OrderList-resources.sh\"\n";
			showEnvVarsInLog = 0;
		};
		8E52F9F7BEC791F4754C7F46 /* [CP] Check Pods Manifest.lock */ = {
			isa = PBXShellScriptBuildPhase;
			buildActionMask = 2147483647;
			files = (
			);
			inputPaths = (
			);
			name = "[CP] Check Pods Manifest.lock";
			outputPaths = (
			);
			runOnlyForDeploymentPostprocessing = 0;
			shellPath = /bin/sh;
			shellScript = "diff \"${PODS_ROOT}/../Podfile.lock\" \"${PODS_ROOT}/Manifest.lock\" > /dev/null\nif [[ $? != 0 ]] ; then\n    cat << EOM\nerror: The sandbox is not in sync with the Podfile.lock. Run 'pod install' or update your CocoaPods installation.\nEOM\n    exit 1\nfi\n";
			showEnvVarsInLog = 0;
		};
		ACB693F8B70037ECDFA65E4F /* [CP] Embed Pods Frameworks */ = {
			isa = PBXShellScriptBuildPhase;
			buildActionMask = 2147483647;
			files = (
			);
			inputPaths = (
			);
			name = "[CP] Embed Pods Frameworks";
			outputPaths = (
			);
			runOnlyForDeploymentPostprocessing = 0;
			shellPath = /bin/sh;
			shellScript = "\"${SRCROOT}/Pods/Target Support Files/Pods-OrderList/Pods-OrderList-frameworks.sh\"\n";
			showEnvVarsInLog = 0;
		};
/* End PBXShellScriptBuildPhase section */

/* Begin PBXSourcesBuildPhase section */
		7B19B0D71FDBAAF800FFFD4D /* Sources */ = {
			isa = PBXSourcesBuildPhase;
			buildActionMask = 2147483647;
			files = (
				7BA8784E1FEBAD5F00F03FF3 /* GHConsole.m in Sources */,
				7BBE8E8C1FE7951B00F8D359 /* XLView_OrderFooter.m in Sources */,
				7B19B0EE1FDBAAF800FFFD4D /* main.m in Sources */,
				7BBE8E821FE7907600F8D359 /* XLView_OrderItem.m in Sources */,
				7BBE8E7F1FE7903400F8D359 /* XLModel_BaseOrder.m in Sources */,
				7BA878491FEA5A5E00F03FF3 /* XLOrderHelper.m in Sources */,
				7BBE8E7C1FE7901900F8D359 /* XLController_Orderlist.m in Sources */,
				7BA878431FEA07C300F03FF3 /* XLViewModel_Order.m in Sources */,
				7B19B0E01FDBAAF800FFFD4D /* AppDelegate.m in Sources */,
				7BA8783F1FE9FFD400F03FF3 /* XLView_OrderContent.m in Sources */,
				7BBE8E861FE7947F00F8D359 /* XLCell_OrderItem.m in Sources */,
				7BBE8E891FE7950300F8D359 /* XLView_OrderHeader.m in Sources */,
			);
			runOnlyForDeploymentPostprocessing = 0;
		};
		7B19B0EF1FDBAAF900FFFD4D /* Sources */ = {
			isa = PBXSourcesBuildPhase;
			buildActionMask = 2147483647;
			files = (
				7B19B0F81FDBAAF900FFFD4D /* OrderListTests.m in Sources */,
			);
			runOnlyForDeploymentPostprocessing = 0;
		};
		7B19B0FA1FDBAAF900FFFD4D /* Sources */ = {
			isa = PBXSourcesBuildPhase;
			buildActionMask = 2147483647;
			files = (
				7B19B1031FDBAAF900FFFD4D /* OrderListUITests.m in Sources */,
			);
			runOnlyForDeploymentPostprocessing = 0;
		};
/* End PBXSourcesBuildPhase section */

/* Begin PBXTargetDependency section */
		7B19B0F51FDBAAF900FFFD4D /* PBXTargetDependency */ = {
			isa = PBXTargetDependency;
			target = 7B19B0DA1FDBAAF800FFFD4D /* OrderList */;
			targetProxy = 7B19B0F41FDBAAF900FFFD4D /* PBXContainerItemProxy */;
		};
		7B19B1001FDBAAF900FFFD4D /* PBXTargetDependency */ = {
			isa = PBXTargetDependency;
			target = 7B19B0DA1FDBAAF800FFFD4D /* OrderList */;
			targetProxy = 7B19B0FF1FDBAAF900FFFD4D /* PBXContainerItemProxy */;
		};
/* End PBXTargetDependency section */

/* Begin XCBuildConfiguration section */
		7B19B1051FDBAAF900FFFD4D /* Debug */ = {
			isa = XCBuildConfiguration;
			buildSettings = {
				ALWAYS_SEARCH_USER_PATHS = NO;
				CLANG_ANALYZER_NONNULL = YES;
				CLANG_ANALYZER_NUMBER_OBJECT_CONVERSION = YES_AGGRESSIVE;
				CLANG_CXX_LANGUAGE_STANDARD = "gnu++14";
				CLANG_CXX_LIBRARY = "libc++";
				CLANG_ENABLE_MODULES = YES;
				CLANG_ENABLE_OBJC_ARC = YES;
				CLANG_WARN_BLOCK_CAPTURE_AUTORELEASING = YES;
				CLANG_WARN_BOOL_CONVERSION = YES;
				CLANG_WARN_COMMA = YES;
				CLANG_WARN_CONSTANT_CONVERSION = YES;
				CLANG_WARN_DIRECT_OBJC_ISA_USAGE = YES_ERROR;
				CLANG_WARN_DOCUMENTATION_COMMENTS = YES;
				CLANG_WARN_EMPTY_BODY = YES;
				CLANG_WARN_ENUM_CONVERSION = YES;
				CLANG_WARN_INFINITE_RECURSION = YES;
				CLANG_WARN_INT_CONVERSION = YES;
				CLANG_WARN_NON_LITERAL_NULL_CONVERSION = YES;
				CLANG_WARN_OBJC_LITERAL_CONVERSION = YES;
				CLANG_WARN_OBJC_ROOT_CLASS = YES_ERROR;
				CLANG_WARN_RANGE_LOOP_ANALYSIS = YES;
				CLANG_WARN_STRICT_PROTOTYPES = YES;
				CLANG_WARN_SUSPICIOUS_MOVE = YES;
				CLANG_WARN_UNGUARDED_AVAILABILITY = YES_AGGRESSIVE;
				CLANG_WARN_UNREACHABLE_CODE = YES;
				CLANG_WARN__DUPLICATE_METHOD_MATCH = YES;
				CODE_SIGN_IDENTITY = "iPhone Developer";
				COPY_PHASE_STRIP = NO;
				DEBUG_INFORMATION_FORMAT = dwarf;
				ENABLE_STRICT_OBJC_MSGSEND = YES;
				ENABLE_TESTABILITY = YES;
				GCC_C_LANGUAGE_STANDARD = gnu11;
				GCC_DYNAMIC_NO_PIC = NO;
				GCC_NO_COMMON_BLOCKS = YES;
				GCC_OPTIMIZATION_LEVEL = 0;
				GCC_PREPROCESSOR_DEFINITIONS = (
					"DEBUG=1",
					"$(inherited)",
				);
				GCC_WARN_64_TO_32_BIT_CONVERSION = YES;
				GCC_WARN_ABOUT_RETURN_TYPE = YES_ERROR;
				GCC_WARN_UNDECLARED_SELECTOR = YES;
				GCC_WARN_UNINITIALIZED_AUTOS = YES_AGGRESSIVE;
				GCC_WARN_UNUSED_FUNCTION = YES;
				GCC_WARN_UNUSED_VARIABLE = YES;
				IPHONEOS_DEPLOYMENT_TARGET = 11.0;
				MTL_ENABLE_DEBUG_INFO = YES;
				ONLY_ACTIVE_ARCH = YES;
				SDKROOT = iphoneos;
			};
			name = Debug;
		};
		7B19B1061FDBAAF900FFFD4D /* Release */ = {
			isa = XCBuildConfiguration;
			buildSettings = {
				ALWAYS_SEARCH_USER_PATHS = NO;
				CLANG_ANALYZER_NONNULL = YES;
				CLANG_ANALYZER_NUMBER_OBJECT_CONVERSION = YES_AGGRESSIVE;
				CLANG_CXX_LANGUAGE_STANDARD = "gnu++14";
				CLANG_CXX_LIBRARY = "libc++";
				CLANG_ENABLE_MODULES = YES;
				CLANG_ENABLE_OBJC_ARC = YES;
				CLANG_WARN_BLOCK_CAPTURE_AUTORELEASING = YES;
				CLANG_WARN_BOOL_CONVERSION = YES;
				CLANG_WARN_COMMA = YES;
				CLANG_WARN_CONSTANT_CONVERSION = YES;
				CLANG_WARN_DIRECT_OBJC_ISA_USAGE = YES_ERROR;
				CLANG_WARN_DOCUMENTATION_COMMENTS = YES;
				CLANG_WARN_EMPTY_BODY = YES;
				CLANG_WARN_ENUM_CONVERSION = YES;
				CLANG_WARN_INFINITE_RECURSION = YES;
				CLANG_WARN_INT_CONVERSION = YES;
				CLANG_WARN_NON_LITERAL_NULL_CONVERSION = YES;
				CLANG_WARN_OBJC_LITERAL_CONVERSION = YES;
				CLANG_WARN_OBJC_ROOT_CLASS = YES_ERROR;
				CLANG_WARN_RANGE_LOOP_ANALYSIS = YES;
				CLANG_WARN_STRICT_PROTOTYPES = YES;
				CLANG_WARN_SUSPICIOUS_MOVE = YES;
				CLANG_WARN_UNGUARDED_AVAILABILITY = YES_AGGRESSIVE;
				CLANG_WARN_UNREACHABLE_CODE = YES;
				CLANG_WARN__DUPLICATE_METHOD_MATCH = YES;
				CODE_SIGN_IDENTITY = "iPhone Developer";
				COPY_PHASE_STRIP = NO;
				DEBUG_INFORMATION_FORMAT = "dwarf-with-dsym";
				ENABLE_NS_ASSERTIONS = NO;
				ENABLE_STRICT_OBJC_MSGSEND = YES;
				GCC_C_LANGUAGE_STANDARD = gnu11;
				GCC_NO_COMMON_BLOCKS = YES;
				GCC_WARN_64_TO_32_BIT_CONVERSION = YES;
				GCC_WARN_ABOUT_RETURN_TYPE = YES_ERROR;
				GCC_WARN_UNDECLARED_SELECTOR = YES;
				GCC_WARN_UNINITIALIZED_AUTOS = YES_AGGRESSIVE;
				GCC_WARN_UNUSED_FUNCTION = YES;
				GCC_WARN_UNUSED_VARIABLE = YES;
				IPHONEOS_DEPLOYMENT_TARGET = 11.0;
				MTL_ENABLE_DEBUG_INFO = NO;
				SDKROOT = iphoneos;
				VALIDATE_PRODUCT = YES;
			};
			name = Release;
		};
		7B19B1081FDBAAF900FFFD4D /* Debug */ = {
			isa = XCBuildConfiguration;
			baseConfigurationReference = DFCECC4D56763D2065DDDD29 /* Pods-OrderList.debug.xcconfig */;
			buildSettings = {
				ASSETCATALOG_COMPILER_APPICON_NAME = AppIcon;
				CODE_SIGN_STYLE = Manual;
				DEVELOPMENT_TEAM = "";
				GCC_PREFIX_HEADER = /Users/dengxiliang/Desktop/OrderList/OrderList/PrefixHeader.pch;
				INFOPLIST_FILE = OrderList/Info.plist;
				LD_RUNPATH_SEARCH_PATHS = "$(inherited) @executable_path/Frameworks";
				PRODUCT_BUNDLE_IDENTIFIER = com.dxl.OrderList;
				PRODUCT_NAME = "$(TARGET_NAME)";
				PROVISIONING_PROFILE_SPECIFIER = "";
				TARGETED_DEVICE_FAMILY = "1,2";
			};
			name = Debug;
		};
		7B19B1091FDBAAF900FFFD4D /* Release */ = {
			isa = XCBuildConfiguration;
			baseConfigurationReference = E52A2001BE8058CFD1421B02 /* Pods-OrderList.release.xcconfig */;
			buildSettings = {
				ASSETCATALOG_COMPILER_APPICON_NAME = AppIcon;
				CODE_SIGN_STYLE = Manual;
				DEVELOPMENT_TEAM = "";
				GCC_PREFIX_HEADER = /Users/dengxiliang/Desktop/OrderList/OrderList/PrefixHeader.pch;
				INFOPLIST_FILE = OrderList/Info.plist;
				LD_RUNPATH_SEARCH_PATHS = "$(inherited) @executable_path/Frameworks";
				PRODUCT_BUNDLE_IDENTIFIER = com.dxl.OrderList;
				PRODUCT_NAME = "$(TARGET_NAME)";
				PROVISIONING_PROFILE_SPECIFIER = "";
				TARGETED_DEVICE_FAMILY = "1,2";
			};
			name = Release;
		};
		7B19B10B1FDBAAF900FFFD4D /* Debug */ = {
			isa = XCBuildConfiguration;
			buildSettings = {
				BUNDLE_LOADER = "$(TEST_HOST)";
				CODE_SIGN_STYLE = Automatic;
				INFOPLIST_FILE = OrderListTests/Info.plist;
				LD_RUNPATH_SEARCH_PATHS = "$(inherited) @executable_path/Frameworks @loader_path/Frameworks";
				PRODUCT_BUNDLE_IDENTIFIER = com.dxl.OrderListTests;
				PRODUCT_NAME = "$(TARGET_NAME)";
				TARGETED_DEVICE_FAMILY = "1,2";
				TEST_HOST = "$(BUILT_PRODUCTS_DIR)/OrderList.app/OrderList";
			};
			name = Debug;
		};
		7B19B10C1FDBAAF900FFFD4D /* Release */ = {
			isa = XCBuildConfiguration;
			buildSettings = {
				BUNDLE_LOADER = "$(TEST_HOST)";
				CODE_SIGN_STYLE = Automatic;
				INFOPLIST_FILE = OrderListTests/Info.plist;
				LD_RUNPATH_SEARCH_PATHS = "$(inherited) @executable_path/Frameworks @loader_path/Frameworks";
				PRODUCT_BUNDLE_IDENTIFIER = com.dxl.OrderListTests;
				PRODUCT_NAME = "$(TARGET_NAME)";
				TARGETED_DEVICE_FAMILY = "1,2";
				TEST_HOST = "$(BUILT_PRODUCTS_DIR)/OrderList.app/OrderList";
			};
			name = Release;
		};
		7B19B10E1FDBAAF900FFFD4D /* Debug */ = {
			isa = XCBuildConfiguration;
			buildSettings = {
				CODE_SIGN_STYLE = Automatic;
				INFOPLIST_FILE = OrderListUITests/Info.plist;
				LD_RUNPATH_SEARCH_PATHS = "$(inherited) @executable_path/Frameworks @loader_path/Frameworks";
				PRODUCT_BUNDLE_IDENTIFIER = com.dxl.OrderListUITests;
				PRODUCT_NAME = "$(TARGET_NAME)";
				TARGETED_DEVICE_FAMILY = "1,2";
				TEST_TARGET_NAME = OrderList;
			};
			name = Debug;
		};
		7B19B10F1FDBAAF900FFFD4D /* Release */ = {
			isa = XCBuildConfiguration;
			buildSettings = {
				CODE_SIGN_STYLE = Automatic;
				INFOPLIST_FILE = OrderListUITests/Info.plist;
				LD_RUNPATH_SEARCH_PATHS = "$(inherited) @executable_path/Frameworks @loader_path/Frameworks";
				PRODUCT_BUNDLE_IDENTIFIER = com.dxl.OrderListUITests;
				PRODUCT_NAME = "$(TARGET_NAME)";
				TARGETED_DEVICE_FAMILY = "1,2";
				TEST_TARGET_NAME = OrderList;
			};
			name = Release;
		};
/* End XCBuildConfiguration section */

/* Begin XCConfigurationList section */
		7B19B0D61FDBAAF800FFFD4D /* Build configuration list for PBXProject "OrderList" */ = {
			isa = XCConfigurationList;
			buildConfigurations = (
				7B19B1051FDBAAF900FFFD4D /* Debug */,
				7B19B1061FDBAAF900FFFD4D /* Release */,
			);
			defaultConfigurationIsVisible = 0;
			defaultConfigurationName = Release;
		};
		7B19B1071FDBAAF900FFFD4D /* Build configuration list for PBXNativeTarget "OrderList" */ = {
			isa = XCConfigurationList;
			buildConfigurations = (
				7B19B1081FDBAAF900FFFD4D /* Debug */,
				7B19B1091FDBAAF900FFFD4D /* Release */,
			);
			defaultConfigurationIsVisible = 0;
			defaultConfigurationName = Release;
		};
		7B19B10A1FDBAAF900FFFD4D /* Build configuration list for PBXNativeTarget "OrderListTests" */ = {
			isa = XCConfigurationList;
			buildConfigurations = (
				7B19B10B1FDBAAF900FFFD4D /* Debug */,
				7B19B10C1FDBAAF900FFFD4D /* Release */,
			);
			defaultConfigurationIsVisible = 0;
			defaultConfigurationName = Release;
		};
		7B19B10D1FDBAAF900FFFD4D /* Build configuration list for PBXNativeTarget "OrderListUITests" */ = {
			isa = XCConfigurationList;
			buildConfigurations = (
				7B19B10E1FDBAAF900FFFD4D /* Debug */,
				7B19B10F1FDBAAF900FFFD4D /* Release */,
			);
			defaultConfigurationIsVisible = 0;
			defaultConfigurationName = Release;
		};
/* End XCConfigurationList section */
	};
	rootObject = 7B19B0D31FDBAAF800FFFD4D /* Project object */;
}
