// !$*UTF8*$!
{
	archiveVersion = 1;
	classes = {
	};
	objectVersion = 48;
	objects = {

/* Begin PBXBuildFile section */
		7BABF433205901A700212DDB /* AppDelegate.m in Sources */ = {isa = PBXBuildFile; fileRef = 7BABF432205901A700212DDB /* AppDelegate.m */; };
		7BABF436205901A700212DDB /* ViewController.m in Sources */ = {isa = PBXBuildFile; fileRef = 7BABF435205901A700212DDB /* ViewController.m */; };
		7BABF439205901A700212DDB /* Main.storyboard in Resources */ = {isa = PBXBuildFile; fileRef = 7BABF437205901A700212DDB /* Main.storyboard */; };
		7BABF43B205901A700212DDB /* Assets.xcassets in Resources */ = {isa = PBXBuildFile; fileRef = 7BABF43A205901A700212DDB /* Assets.xcassets */; };
		7BABF43E205901A700212DDB /* LaunchScreen.storyboard in Resources */ = {isa = PBXBuildFile; fileRef = 7BABF43C205901A700212DDB /* LaunchScreen.storyboard */; };
		7BABF441205901A700212DDB /* main.m in Sources */ = {isa = PBXBuildFile; fileRef = 7BABF440205901A700212DDB /* main.m */; };
		7BABF44B205901A700212DDB /* DXLDemoTests.m in Sources */ = {isa = PBXBuildFile; fileRef = 7BABF44A205901A700212DDB /* DXLDemoTests.m */; };
		7BABF456205901A700212DDB /* DXLDemoUITests.m in Sources */ = {isa = PBXBuildFile; fileRef = 7BABF455205901A700212DDB /* DXLDemoUITests.m */; };
		7BABF47E205903A200212DDB /* XLModel_BaseOrder.m in Sources */ = {isa = PBXBuildFile; fileRef = 7BABF468205903A200212DDB /* XLModel_BaseOrder.m */; };
		7BABF47F205903A200212DDB /* XLViewModel_Order.m in Sources */ = {isa = PBXBuildFile; fileRef = 7BABF46A205903A200212DDB /* XLViewModel_Order.m */; };
		7BABF480205903A200212DDB /* XLOrderHelper.m in Sources */ = {isa = PBXBuildFile; fileRef = 7BABF46F205903A200212DDB /* XLOrderHelper.m */; };
		7BABF481205903A200212DDB /* XLController_Orderlist.m in Sources */ = {isa = PBXBuildFile; fileRef = 7BABF472205903A200212DDB /* XLController_Orderlist.m */; };
		7BABF482205903A200212DDB /* XLCell_OrderItem.m in Sources */ = {isa = PBXBuildFile; fileRef = 7BABF475205903A200212DDB /* XLCell_OrderItem.m */; };
		7BABF483205903A200212DDB /* XLView_OrderContent.m in Sources */ = {isa = PBXBuildFile; fileRef = 7BABF477205903A200212DDB /* XLView_OrderContent.m */; };
		7BABF484205903A200212DDB /* XLView_OrderFooter.m in Sources */ = {isa = PBXBuildFile; fileRef = 7BABF479205903A200212DDB /* XLView_OrderFooter.m */; };
		7BABF485205903A200212DDB /* XLView_OrderHeader.m in Sources */ = {isa = PBXBuildFile; fileRef = 7BABF47B205903A200212DDB /* XLView_OrderHeader.m */; };
		7BABF486205903A200212DDB /* XLView_OrderItem.m in Sources */ = {isa = PBXBuildFile; fileRef = 7BABF47D205903A200212DDB /* XLView_OrderItem.m */; };
/* End PBXBuildFile section */

/* Begin PBXContainerItemProxy section */
		7BABF447205901A700212DDB /* PBXContainerItemProxy */ = {
			isa = PBXContainerItemProxy;
			containerPortal = 7BABF426205901A700212DDB /* Project object */;
			proxyType = 1;
			remoteGlobalIDString = 7BABF42D205901A700212DDB;
			remoteInfo = DXLDemo;
		};
		7BABF452205901A700212DDB /* PBXContainerItemProxy */ = {
			isa = PBXContainerItemProxy;
			containerPortal = 7BABF426205901A700212DDB /* Project object */;
			proxyType = 1;
			remoteGlobalIDString = 7BABF42D205901A700212DDB;
			remoteInfo = DXLDemo;
		};
/* End PBXContainerItemProxy section */

/* Begin PBXFileReference section */
		7BABF42E205901A700212DDB /* DXLDemo.app */ = {isa = PBXFileReference; explicitFileType = wrapper.application; includeInIndex = 0; path = DXLDemo.app; sourceTree = BUILT_PRODUCTS_DIR; };
		7BABF431205901A700212DDB /* AppDelegate.h */ = {isa = PBXFileReference; lastKnownFileType = sourcecode.c.h; path = AppDelegate.h; sourceTree = "<group>"; };
		7BABF432205901A700212DDB /* AppDelegate.m */ = {isa = PBXFileReference; lastKnownFileType = sourcecode.c.objc; path = AppDelegate.m; sourceTree = "<group>"; };
		7BABF434205901A700212DDB /* ViewController.h */ = {isa = PBXFileReference; lastKnownFileType = sourcecode.c.h; path = ViewController.h; sourceTree = "<group>"; };
		7BABF435205901A700212DDB /* ViewController.m */ = {isa = PBXFileReference; lastKnownFileType = sourcecode.c.objc; path = ViewController.m; sourceTree = "<group>"; };
		7BABF438205901A700212DDB /* Base */ = {isa = PBXFileReference; lastKnownFileType = file.storyboard; name = Base; path = Base.lproj/Main.storyboard; sourceTree = "<group>"; };
		7BABF43A205901A700212DDB /* Assets.xcassets */ = {isa = PBXFileReference; lastKnownFileType = folder.assetcatalog; path = Assets.xcassets; sourceTree = "<group>"; };
		7BABF43D205901A700212DDB /* Base */ = {isa = PBXFileReference; lastKnownFileType = file.storyboard; name = Base; path = Base.lproj/LaunchScreen.storyboard; sourceTree = "<group>"; };
		7BABF43F205901A700212DDB /* Info.plist */ = {isa = PBXFileReference; lastKnownFileType = text.plist.xml; path = Info.plist; sourceTree = "<group>"; };
		7BABF440205901A700212DDB /* main.m */ = {isa = PBXFileReference; lastKnownFileType = sourcecode.c.objc; path = main.m; sourceTree = "<group>"; };
		7BABF446205901A700212DDB /* DXLDemoTests.xctest */ = {isa = PBXFileReference; explicitFileType = wrapper.cfbundle; includeInIndex = 0; path = DXLDemoTests.xctest; sourceTree = BUILT_PRODUCTS_DIR; };
		7BABF44A205901A700212DDB /* DXLDemoTests.m */ = {isa = PBXFileReference; lastKnownFileType = sourcecode.c.objc; path = DXLDemoTests.m; sourceTree = "<group>"; };
		7BABF44C205901A700212DDB /* Info.plist */ = {isa = PBXFileReference; lastKnownFileType = text.plist.xml; path = Info.plist; sourceTree = "<group>"; };
		7BABF451205901A700212DDB /* DXLDemoUITests.xctest */ = {isa = PBXFileReference; explicitFileType = wrapper.cfbundle; includeInIndex = 0; path = DXLDemoUITests.xctest; sourceTree = BUILT_PRODUCTS_DIR; };
		7BABF455205901A700212DDB /* DXLDemoUITests.m */ = {isa = PBXFileReference; lastKnownFileType = sourcecode.c.objc; path = DXLDemoUITests.m; sourceTree = "<group>"; };
		7BABF457205901A700212DDB /* Info.plist */ = {isa = PBXFileReference; lastKnownFileType = text.plist.xml; path = Info.plist; sourceTree = "<group>"; };
		7BABF467205903A200212DDB /* XLModel_BaseOrder.h */ = {isa = PBXFileReference; fileEncoding = 4; lastKnownFileType = sourcecode.c.h; path = XLModel_BaseOrder.h; sourceTree = "<group>"; };
		7BABF468205903A200212DDB /* XLModel_BaseOrder.m */ = {isa = PBXFileReference; fileEncoding = 4; lastKnownFileType = sourcecode.c.objc; path = XLModel_BaseOrder.m; sourceTree = "<group>"; };
		7BABF469205903A200212DDB /* XLViewModel_Order.h */ = {isa = PBXFileReference; fileEncoding = 4; lastKnownFileType = sourcecode.c.h; path = XLViewModel_Order.h; sourceTree = "<group>"; };
		7BABF46A205903A200212DDB /* XLViewModel_Order.m */ = {isa = PBXFileReference; fileEncoding = 4; lastKnownFileType = sourcecode.c.objc; path = XLViewModel_Order.m; sourceTree = "<group>"; };
		7BABF46C205903A200212DDB /* OrderUtil.h */ = {isa = PBXFileReference; fileEncoding = 4; lastKnownFileType = sourcecode.c.h; path = OrderUtil.h; sourceTree = "<group>"; };
		7BABF46D205903A200212DDB /* UtilsMacro.h */ = {isa = PBXFileReference; fileEncoding = 4; lastKnownFileType = sourcecode.c.h; path = UtilsMacro.h; sourceTree = "<group>"; };
		7BABF46E205903A200212DDB /* XLOrderHelper.h */ = {isa = PBXFileReference; fileEncoding = 4; lastKnownFileType = sourcecode.c.h; path = XLOrderHelper.h; sourceTree = "<group>"; };
		7BABF46F205903A200212DDB /* XLOrderHelper.m */ = {isa = PBXFileReference; fileEncoding = 4; lastKnownFileType = sourcecode.c.objc; path = XLOrderHelper.m; sourceTree = "<group>"; };
		7BABF471205903A200212DDB /* XLController_Orderlist.h */ = {isa = PBXFileReference; fileEncoding = 4; lastKnownFileType = sourcecode.c.h; path = XLController_Orderlist.h; sourceTree = "<group>"; };
		7BABF472205903A200212DDB /* XLController_Orderlist.m */ = {isa = PBXFileReference; fileEncoding = 4; lastKnownFileType = sourcecode.c.objc; path = XLController_Orderlist.m; sourceTree = "<group>"; };
		7BABF474205903A200212DDB /* XLCell_OrderItem.h */ = {isa = PBXFileReference; fileEncoding = 4; lastKnownFileType = sourcecode.c.h; path = XLCell_OrderItem.h; sourceTree = "<group>"; };
		7BABF475205903A200212DDB /* XLCell_OrderItem.m */ = {isa = PBXFileReference; fileEncoding = 4; lastKnownFileType = sourcecode.c.objc; path = XLCell_OrderItem.m; sourceTree = "<group>"; };
		7BABF476205903A200212DDB /* XLView_OrderContent.h */ = {isa = PBXFileReference; fileEncoding = 4; lastKnownFileType = sourcecode.c.h; path = XLView_OrderContent.h; sourceTree = "<group>"; };
		7BABF477205903A200212DDB /* XLView_OrderContent.m */ = {isa = PBXFileReference; fileEncoding = 4; lastKnownFileType = sourcecode.c.objc; path = XLView_OrderContent.m; sourceTree = "<group>"; };
		7BABF478205903A200212DDB /* XLView_OrderFooter.h */ = {isa = PBXFileReference; fileEncoding = 4; lastKnownFileType = sourcecode.c.h; path = XLView_OrderFooter.h; sourceTree = "<group>"; };
		7BABF479205903A200212DDB /* XLView_OrderFooter.m */ = {isa = PBXFileReference; fileEncoding = 4; lastKnownFileType = sourcecode.c.objc; path = XLView_OrderFooter.m; sourceTree = "<group>"; };
		7BABF47A205903A200212DDB /* XLView_OrderHeader.h */ = {isa = PBXFileReference; fileEncoding = 4; lastKnownFileType = sourcecode.c.h; path = XLView_OrderHeader.h; sourceTree = "<group>"; };
		7BABF47B205903A200212DDB /* XLView_OrderHeader.m */ = {isa = PBXFileReference; fileEncoding = 4; lastKnownFileType = sourcecode.c.objc; path = XLView_OrderHeader.m; sourceTree = "<group>"; };
		7BABF47C205903A200212DDB /* XLView_OrderItem.h */ = {isa = PBXFileReference; fileEncoding = 4; lastKnownFileType = sourcecode.c.h; path = XLView_OrderItem.h; sourceTree = "<group>"; };
		7BABF47D205903A200212DDB /* XLView_OrderItem.m */ = {isa = PBXFileReference; fileEncoding = 4; lastKnownFileType = sourcecode.c.objc; path = XLView_OrderItem.m; sourceTree = "<group>"; };
/* End PBXFileReference section */

/* Begin PBXFrameworksBuildPhase section */
		7BABF42B205901A700212DDB /* Frameworks */ = {
			isa = PBXFrameworksBuildPhase;
			buildActionMask = 2147483647;
			files = (
			);
			runOnlyForDeploymentPostprocessing = 0;
		};
		7BABF443205901A700212DDB /* Frameworks */ = {
			isa = PBXFrameworksBuildPhase;
			buildActionMask = 2147483647;
			files = (
			);
			runOnlyForDeploymentPostprocessing = 0;
		};
		7BABF44E205901A700212DDB /* Frameworks */ = {
			isa = PBXFrameworksBuildPhase;
			buildActionMask = 2147483647;
			files = (
			);
			runOnlyForDeploymentPostprocessing = 0;
		};
/* End PBXFrameworksBuildPhase section */

/* Begin PBXGroup section */
		7BABF425205901A700212DDB = {
			isa = PBXGroup;
			children = (
				7BABF430205901A700212DDB /* DXLDemo */,
				7BABF449205901A700212DDB /* DXLDemoTests */,
				7BABF454205901A700212DDB /* DXLDemoUITests */,
				7BABF42F205901A700212DDB /* Products */,
			);
			sourceTree = "<group>";
		};
		7BABF42F205901A700212DDB /* Products */ = {
			isa = PBXGroup;
			children = (
				7BABF42E205901A700212DDB /* DXLDemo.app */,
				7BABF446205901A700212DDB /* DXLDemoTests.xctest */,
				7BABF451205901A700212DDB /* DXLDemoUITests.xctest */,
			);
			name = Products;
			sourceTree = "<group>";
		};
		7BABF430205901A700212DDB /* DXLDemo */ = {
			isa = PBXGroup;
			children = (
				7BABF4632059034D00212DDB /* Class */,
				7BABF431205901A700212DDB /* AppDelegate.h */,
				7BABF432205901A700212DDB /* AppDelegate.m */,
				7BABF434205901A700212DDB /* ViewController.h */,
				7BABF435205901A700212DDB /* ViewController.m */,
				7BABF437205901A700212DDB /* Main.storyboard */,
				7BABF43A205901A700212DDB /* Assets.xcassets */,
				7BABF43C205901A700212DDB /* LaunchScreen.storyboard */,
				7BABF43F205901A700212DDB /* Info.plist */,
				7BABF440205901A700212DDB /* main.m */,
			);
			path = DXLDemo;
			sourceTree = "<group>";
		};
		7BABF449205901A700212DDB /* DXLDemoTests */ = {
			isa = PBXGroup;
			children = (
				7BABF44A205901A700212DDB /* DXLDemoTests.m */,
				7BABF44C205901A700212DDB /* Info.plist */,
			);
			path = DXLDemoTests;
			sourceTree = "<group>";
		};
		7BABF454205901A700212DDB /* DXLDemoUITests */ = {
			isa = PBXGroup;
			children = (
				7BABF455205901A700212DDB /* DXLDemoUITests.m */,
				7BABF457205901A700212DDB /* Info.plist */,
			);
			path = DXLDemoUITests;
			sourceTree = "<group>";
		};
		7BABF4632059034D00212DDB /* Class */ = {
			isa = PBXGroup;
			children = (
				7BABF4642059034D00212DDB /* OrderList */,
			);
			path = Class;
			sourceTree = "<group>";
		};
		7BABF4642059034D00212DDB /* OrderList */ = {
			isa = PBXGroup;
			children = (
				7BABF465205903A200212DDB /* Founction */,
			);
			path = OrderList;
			sourceTree = "<group>";
		};
		7BABF465205903A200212DDB /* Founction */ = {
			isa = PBXGroup;
			children = (
				7BABF466205903A200212DDB /* Models */,
				7BABF46B205903A200212DDB /* Others */,
				7BABF470205903A200212DDB /* ViewControolers */,
				7BABF473205903A200212DDB /* Views */,
			);
			path = Founction;
			sourceTree = "<group>";
		};
		7BABF466205903A200212DDB /* Models */ = {
			isa = PBXGroup;
			children = (
				7BABF467205903A200212DDB /* XLModel_BaseOrder.h */,
				7BABF468205903A200212DDB /* XLModel_BaseOrder.m */,
				7BABF469205903A200212DDB /* XLViewModel_Order.h */,
				7BABF46A205903A200212DDB /* XLViewModel_Order.m */,
			);
			path = Models;
			sourceTree = "<group>";
		};
		7BABF46B205903A200212DDB /* Others */ = {
			isa = PBXGroup;
			children = (
				7BABF46C205903A200212DDB /* OrderUtil.h */,
				7BABF46D205903A200212DDB /* UtilsMacro.h */,
				7BABF46E205903A200212DDB /* XLOrderHelper.h */,
				7BABF46F205903A200212DDB /* XLOrderHelper.m */,
			);
			path = Others;
			sourceTree = "<group>";
		};
		7BABF470205903A200212DDB /* ViewControolers */ = {
			isa = PBXGroup;
			children = (
				7BABF471205903A200212DDB /* XLController_Orderlist.h */,
				7BABF472205903A200212DDB /* XLController_Orderlist.m */,
			);
			path = ViewControolers;
			sourceTree = "<group>";
		};
		7BABF473205903A200212DDB /* Views */ = {
			isa = PBXGroup;
			children = (
				7BABF474205903A200212DDB /* XLCell_OrderItem.h */,
				7BABF475205903A200212DDB /* XLCell_OrderItem.m */,
				7BABF476205903A200212DDB /* XLView_OrderContent.h */,
				7BABF477205903A200212DDB /* XLView_OrderContent.m */,
				7BABF478205903A200212DDB /* XLView_OrderFooter.h */,
				7BABF479205903A200212DDB /* XLView_OrderFooter.m */,
				7BABF47A205903A200212DDB /* XLView_OrderHeader.h */,
				7BABF47B205903A200212DDB /* XLView_OrderHeader.m */,
				7BABF47C205903A200212DDB /* XLView_OrderItem.h */,
				7BABF47D205903A200212DDB /* XLView_OrderItem.m */,
			);
			path = Views;
			sourceTree = "<group>";
		};
/* End PBXGroup section */

/* Begin PBXNativeTarget section */
		7BABF42D205901A700212DDB /* DXLDemo */ = {
			isa = PBXNativeTarget;
			buildConfigurationList = 7BABF45A205901A700212DDB /* Build configuration list for PBXNativeTarget "DXLDemo" */;
			buildPhases = (
				7BABF42A205901A700212DDB /* Sources */,
				7BABF42B205901A700212DDB /* Frameworks */,
				7BABF42C205901A700212DDB /* Resources */,
			);
			buildRules = (
			);
			dependencies = (
			);
			name = DXLDemo;
			productName = DXLDemo;
			productReference = 7BABF42E205901A700212DDB /* DXLDemo.app */;
			productType = "com.apple.product-type.application";
		};
		7BABF445205901A700212DDB /* DXLDemoTests */ = {
			isa = PBXNativeTarget;
			buildConfigurationList = 7BABF45D205901A700212DDB /* Build configuration list for PBXNativeTarget "DXLDemoTests" */;
			buildPhases = (
				7BABF442205901A700212DDB /* Sources */,
				7BABF443205901A700212DDB /* Frameworks */,
				7BABF444205901A700212DDB /* Resources */,
			);
			buildRules = (
			);
			dependencies = (
				7BABF448205901A700212DDB /* PBXTargetDependency */,
			);
			name = DXLDemoTests;
			productName = DXLDemoTests;
			productReference = 7BABF446205901A700212DDB /* DXLDemoTests.xctest */;
			productType = "com.apple.product-type.bundle.unit-test";
		};
		7BABF450205901A700212DDB /* DXLDemoUITests */ = {
			isa = PBXNativeTarget;
			buildConfigurationList = 7BABF460205901A700212DDB /* Build configuration list for PBXNativeTarget "DXLDemoUITests" */;
			buildPhases = (
				7BABF44D205901A700212DDB /* Sources */,
				7BABF44E205901A700212DDB /* Frameworks */,
				7BABF44F205901A700212DDB /* Resources */,
			);
			buildRules = (
			);
			dependencies = (
				7BABF453205901A700212DDB /* PBXTargetDependency */,
			);
			name = DXLDemoUITests;
			productName = DXLDemoUITests;
			productReference = 7BABF451205901A700212DDB /* DXLDemoUITests.xctest */;
			productType = "com.apple.product-type.bundle.ui-testing";
		};
/* End PBXNativeTarget section */

/* Begin PBXProject section */
		7BABF426205901A700212DDB /* Project object */ = {
			isa = PBXProject;
			attributes = {
				LastUpgradeCheck = 0920;
				ORGANIZATIONNAME = dxl;
				TargetAttributes = {
					7BABF42D205901A700212DDB = {
						CreatedOnToolsVersion = 9.2;
						ProvisioningStyle = Manual;
					};
					7BABF445205901A700212DDB = {
						CreatedOnToolsVersion = 9.2;
						ProvisioningStyle = Automatic;
						TestTargetID = 7BABF42D205901A700212DDB;
					};
					7BABF450205901A700212DDB = {
						CreatedOnToolsVersion = 9.2;
						ProvisioningStyle = Automatic;
						TestTargetID = 7BABF42D205901A700212DDB;
					};
				};
			};
			buildConfigurationList = 7BABF429205901A700212DDB /* Build configuration list for PBXProject "DXLDemo" */;
			compatibilityVersion = "Xcode 8.0";
			developmentRegion = en;
			hasScannedForEncodings = 0;
			knownRegions = (
				en,
				Base,
			);
			mainGroup = 7BABF425205901A700212DDB;
			productRefGroup = 7BABF42F205901A700212DDB /* Products */;
			projectDirPath = "";
			projectRoot = "";
			targets = (
				7BABF42D205901A700212DDB /* DXLDemo */,
				7BABF445205901A700212DDB /* DXLDemoTests */,
				7BABF450205901A700212DDB /* DXLDemoUITests */,
			);
		};
/* End PBXProject section */

/* Begin PBXResourcesBuildPhase section */
		7BABF42C205901A700212DDB /* Resources */ = {
			isa = PBXResourcesBuildPhase;
			buildActionMask = 2147483647;
			files = (
				7BABF43E205901A700212DDB /* LaunchScreen.storyboard in Resources */,
				7BABF43B205901A700212DDB /* Assets.xcassets in Resources */,
				7BABF439205901A700212DDB /* Main.storyboard in Resources */,
			);
			runOnlyForDeploymentPostprocessing = 0;
		};
		7BABF444205901A700212DDB /* Resources */ = {
			isa = PBXResourcesBuildPhase;
			buildActionMask = 2147483647;
			files = (
			);
			runOnlyForDeploymentPostprocessing = 0;
		};
		7BABF44F205901A700212DDB /* Resources */ = {
			isa = PBXResourcesBuildPhase;
			buildActionMask = 2147483647;
			files = (
			);
			runOnlyForDeploymentPostprocessing = 0;
		};
/* End PBXResourcesBuildPhase section */

/* Begin PBXSourcesBuildPhase section */
		7BABF42A205901A700212DDB /* Sources */ = {
			isa = PBXSourcesBuildPhase;
			buildActionMask = 2147483647;
			files = (
				7BABF47F205903A200212DDB /* XLViewModel_Order.m in Sources */,
				7BABF436205901A700212DDB /* ViewController.m in Sources */,
				7BABF486205903A200212DDB /* XLView_OrderItem.m in Sources */,
				7BABF47E205903A200212DDB /* XLModel_BaseOrder.m in Sources */,
				7BABF482205903A200212DDB /* XLCell_OrderItem.m in Sources */,
				7BABF484205903A200212DDB /* XLView_OrderFooter.m in Sources */,
				7BABF441205901A700212DDB /* main.m in Sources */,
				7BABF481205903A200212DDB /* XLController_Orderlist.m in Sources */,
				7BABF483205903A200212DDB /* XLView_OrderContent.m in Sources */,
				7BABF480205903A200212DDB /* XLOrderHelper.m in Sources */,
				7BABF433205901A700212DDB /* AppDelegate.m in Sources */,
				7BABF485205903A200212DDB /* XLView_OrderHeader.m in Sources */,
			);
			runOnlyForDeploymentPostprocessing = 0;
		};
		7BABF442205901A700212DDB /* Sources */ = {
			isa = PBXSourcesBuildPhase;
			buildActionMask = 2147483647;
			files = (
				7BABF44B205901A700212DDB /* DXLDemoTests.m in Sources */,
			);
			runOnlyForDeploymentPostprocessing = 0;
		};
		7BABF44D205901A700212DDB /* Sources */ = {
			isa = PBXSourcesBuildPhase;
			buildActionMask = 2147483647;
			files = (
				7BABF456205901A700212DDB /* DXLDemoUITests.m in Sources */,
			);
			runOnlyForDeploymentPostprocessing = 0;
		};
/* End PBXSourcesBuildPhase section */

/* Begin PBXTargetDependency section */
		7BABF448205901A700212DDB /* PBXTargetDependency */ = {
			isa = PBXTargetDependency;
			target = 7BABF42D205901A700212DDB /* DXLDemo */;
			targetProxy = 7BABF447205901A700212DDB /* PBXContainerItemProxy */;
		};
		7BABF453205901A700212DDB /* PBXTargetDependency */ = {
			isa = PBXTargetDependency;
			target = 7BABF42D205901A700212DDB /* DXLDemo */;
			targetProxy = 7BABF452205901A700212DDB /* PBXContainerItemProxy */;
		};
/* End PBXTargetDependency section */

/* Begin PBXVariantGroup section */
		7BABF437205901A700212DDB /* Main.storyboard */ = {
			isa = PBXVariantGroup;
			children = (
				7BABF438205901A700212DDB /* Base */,
			);
			name = Main.storyboard;
			sourceTree = "<group>";
		};
		7BABF43C205901A700212DDB /* LaunchScreen.storyboard */ = {
			isa = PBXVariantGroup;
			children = (
				7BABF43D205901A700212DDB /* Base */,
			);
			name = LaunchScreen.storyboard;
			sourceTree = "<group>";
		};
/* End PBXVariantGroup section */

/* Begin XCBuildConfiguration section */
		7BABF458205901A700212DDB /* Debug */ = {
			isa = XCBuildConfiguration;
			buildSettings = {
				ALWAYS_SEARCH_USER_PATHS = NO;
				CLANG_ANALYZER_NONNULL = YES;
				CLANG_ANALYZER_NUMBER_OBJECT_CONVERSION = YES_AGGRESSIVE;
				CLANG_CXX_LANGUAGE_STANDARD = "gnu++14";
				CLANG_CXX_LIBRARY = "libc++";
				CLANG_ENABLE_MODULES = YES;
				CLANG_ENABLE_OBJC_ARC = YES;
				CLANG_WARN_BLOCK_CAPTURE_AUTORELEASING = YES;
				CLANG_WARN_BOOL_CONVERSION = YES;
				CLANG_WARN_COMMA = YES;
				CLANG_WARN_CONSTANT_CONVERSION = YES;
				CLANG_WARN_DIRECT_OBJC_ISA_USAGE = YES_ERROR;
				CLANG_WARN_DOCUMENTATION_COMMENTS = YES;
				CLANG_WARN_EMPTY_BODY = YES;
				CLANG_WARN_ENUM_CONVERSION = YES;
				CLANG_WARN_INFINITE_RECURSION = YES;
				CLANG_WARN_INT_CONVERSION = YES;
				CLANG_WARN_NON_LITERAL_NULL_CONVERSION = YES;
				CLANG_WARN_OBJC_LITERAL_CONVERSION = YES;
				CLANG_WARN_OBJC_ROOT_CLASS = YES_ERROR;
				CLANG_WARN_RANGE_LOOP_ANALYSIS = YES;
				CLANG_WARN_STRICT_PROTOTYPES = YES;
				CLANG_WARN_SUSPICIOUS_MOVE = YES;
				CLANG_WARN_UNGUARDED_AVAILABILITY = YES_AGGRESSIVE;
				CLANG_WARN_UNREACHABLE_CODE = YES;
				CLANG_WARN__DUPLICATE_METHOD_MATCH = YES;
				CODE_SIGN_IDENTITY = "iPhone Developer";
				COPY_PHASE_STRIP = NO;
				DEBUG_INFORMATION_FORMAT = dwarf;
				ENABLE_STRICT_OBJC_MSGSEND = YES;
				ENABLE_TESTABILITY = YES;
				GCC_C_LANGUAGE_STANDARD = gnu11;
				GCC_DYNAMIC_NO_PIC = NO;
				GCC_NO_COMMON_BLOCKS = YES;
				GCC_OPTIMIZATION_LEVEL = 0;
				GCC_PREPROCESSOR_DEFINITIONS = (
					"DEBUG=1",
					"$(inherited)",
				);
				GCC_WARN_64_TO_32_BIT_CONVERSION = YES;
				GCC_WARN_ABOUT_RETURN_TYPE = YES_ERROR;
				GCC_WARN_UNDECLARED_SELECTOR = YES;
				GCC_WARN_UNINITIALIZED_AUTOS = YES_AGGRESSIVE;
				GCC_WARN_UNUSED_FUNCTION = YES;
				GCC_WARN_UNUSED_VARIABLE = YES;
				IPHONEOS_DEPLOYMENT_TARGET = 11.2;
				MTL_ENABLE_DEBUG_INFO = YES;
				ONLY_ACTIVE_ARCH = YES;
				SDKROOT = iphoneos;
			};
			name = Debug;
		};
		7BABF459205901A700212DDB /* Release */ = {
			isa = XCBuildConfiguration;
			buildSettings = {
				ALWAYS_SEARCH_USER_PATHS = NO;
				CLANG_ANALYZER_NONNULL = YES;
				CLANG_ANALYZER_NUMBER_OBJECT_CONVERSION = YES_AGGRESSIVE;
				CLANG_CXX_LANGUAGE_STANDARD = "gnu++14";
				CLANG_CXX_LIBRARY = "libc++";
				CLANG_ENABLE_MODULES = YES;
				CLANG_ENABLE_OBJC_ARC = YES;
				CLANG_WARN_BLOCK_CAPTURE_AUTORELEASING = YES;
				CLANG_WARN_BOOL_CONVERSION = YES;
				CLANG_WARN_COMMA = YES;
				CLANG_WARN_CONSTANT_CONVERSION = YES;
				CLANG_WARN_DIRECT_OBJC_ISA_USAGE = YES_ERROR;
				CLANG_WARN_DOCUMENTATION_COMMENTS = YES;
				CLANG_WARN_EMPTY_BODY = YES;
				CLANG_WARN_ENUM_CONVERSION = YES;
				CLANG_WARN_INFINITE_RECURSION = YES;
				CLANG_WARN_INT_CONVERSION = YES;
				CLANG_WARN_NON_LITERAL_NULL_CONVERSION = YES;
				CLANG_WARN_OBJC_LITERAL_CONVERSION = YES;
				CLANG_WARN_OBJC_ROOT_CLASS = YES_ERROR;
				CLANG_WARN_RANGE_LOOP_ANALYSIS = YES;
				CLANG_WARN_STRICT_PROTOTYPES = YES;
				CLANG_WARN_SUSPICIOUS_MOVE = YES;
				CLANG_WARN_UNGUARDED_AVAILABILITY = YES_AGGRESSIVE;
				CLANG_WARN_UNREACHABLE_CODE = YES;
				CLANG_WARN__DUPLICATE_METHOD_MATCH = YES;
				CODE_SIGN_IDENTITY = "iPhone Developer";
				COPY_PHASE_STRIP = NO;
				DEBUG_INFORMATION_FORMAT = "dwarf-with-dsym";
				ENABLE_NS_ASSERTIONS = NO;
				ENABLE_STRICT_OBJC_MSGSEND = YES;
				GCC_C_LANGUAGE_STANDARD = gnu11;
				GCC_NO_COMMON_BLOCKS = YES;
				GCC_WARN_64_TO_32_BIT_CONVERSION = YES;
				GCC_WARN_ABOUT_RETURN_TYPE = YES_ERROR;
				GCC_WARN_UNDECLARED_SELECTOR = YES;
				GCC_WARN_UNINITIALIZED_AUTOS = YES_AGGRESSIVE;
				GCC_WARN_UNUSED_FUNCTION = YES;
				GCC_WARN_UNUSED_VARIABLE = YES;
				IPHONEOS_DEPLOYMENT_TARGET = 11.2;
				MTL_ENABLE_DEBUG_INFO = NO;
				SDKROOT = iphoneos;
				VALIDATE_PRODUCT = YES;
			};
			name = Release;
		};
		7BABF45B205901A700212DDB /* Debug */ = {
			isa = XCBuildConfiguration;
			buildSettings = {
				ASSETCATALOG_COMPILER_APPICON_NAME = AppIcon;
				CODE_SIGN_STYLE = Manual;
				DEVELOPMENT_TEAM = "";
				INFOPLIST_FILE = DXLDemo/Info.plist;
				LD_RUNPATH_SEARCH_PATHS = "$(inherited) @executable_path/Frameworks";
				PRODUCT_BUNDLE_IDENTIFIER = com.dxl.DXLDemo;
				PRODUCT_NAME = "$(TARGET_NAME)";
				PROVISIONING_PROFILE_SPECIFIER = "";
				TARGETED_DEVICE_FAMILY = "1,2";
			};
			name = Debug;
		};
		7BABF45C205901A700212DDB /* Release */ = {
			isa = XCBuildConfiguration;
			buildSettings = {
				ASSETCATALOG_COMPILER_APPICON_NAME = AppIcon;
				CODE_SIGN_STYLE = Manual;
				DEVELOPMENT_TEAM = "";
				INFOPLIST_FILE = DXLDemo/Info.plist;
				LD_RUNPATH_SEARCH_PATHS = "$(inherited) @executable_path/Frameworks";
				PRODUCT_BUNDLE_IDENTIFIER = com.dxl.DXLDemo;
				PRODUCT_NAME = "$(TARGET_NAME)";
				PROVISIONING_PROFILE_SPECIFIER = "";
				TARGETED_DEVICE_FAMILY = "1,2";
			};
			name = Release;
		};
		7BABF45E205901A700212DDB /* Debug */ = {
			isa = XCBuildConfiguration;
			buildSettings = {
				BUNDLE_LOADER = "$(TEST_HOST)";
				CODE_SIGN_STYLE = Automatic;
				INFOPLIST_FILE = DXLDemoTests/Info.plist;
				LD_RUNPATH_SEARCH_PATHS = "$(inherited) @executable_path/Frameworks @loader_path/Frameworks";
				PRODUCT_BUNDLE_IDENTIFIER = com.dxl.DXLDemoTests;
				PRODUCT_NAME = "$(TARGET_NAME)";
				TARGETED_DEVICE_FAMILY = "1,2";
				TEST_HOST = "$(BUILT_PRODUCTS_DIR)/DXLDemo.app/DXLDemo";
			};
			name = Debug;
		};
		7BABF45F205901A700212DDB /* Release */ = {
			isa = XCBuildConfiguration;
			buildSettings = {
				BUNDLE_LOADER = "$(TEST_HOST)";
				CODE_SIGN_STYLE = Automatic;
				INFOPLIST_FILE = DXLDemoTests/Info.plist;
				LD_RUNPATH_SEARCH_PATHS = "$(inherited) @executable_path/Frameworks @loader_path/Frameworks";
				PRODUCT_BUNDLE_IDENTIFIER = com.dxl.DXLDemoTests;
				PRODUCT_NAME = "$(TARGET_NAME)";
				TARGETED_DEVICE_FAMILY = "1,2";
				TEST_HOST = "$(BUILT_PRODUCTS_DIR)/DXLDemo.app/DXLDemo";
			};
			name = Release;
		};
		7BABF461205901A700212DDB /* Debug */ = {
			isa = XCBuildConfiguration;
			buildSettings = {
				CODE_SIGN_STYLE = Automatic;
				INFOPLIST_FILE = DXLDemoUITests/Info.plist;
				LD_RUNPATH_SEARCH_PATHS = "$(inherited) @executable_path/Frameworks @loader_path/Frameworks";
				PRODUCT_BUNDLE_IDENTIFIER = com.dxl.DXLDemoUITests;
				PRODUCT_NAME = "$(TARGET_NAME)";
				TARGETED_DEVICE_FAMILY = "1,2";
				TEST_TARGET_NAME = DXLDemo;
			};
			name = Debug;
		};
		7BABF462205901A700212DDB /* Release */ = {
			isa = XCBuildConfiguration;
			buildSettings = {
				CODE_SIGN_STYLE = Automatic;
				INFOPLIST_FILE = DXLDemoUITests/Info.plist;
				LD_RUNPATH_SEARCH_PATHS = "$(inherited) @executable_path/Frameworks @loader_path/Frameworks";
				PRODUCT_BUNDLE_IDENTIFIER = com.dxl.DXLDemoUITests;
				PRODUCT_NAME = "$(TARGET_NAME)";
				TARGETED_DEVICE_FAMILY = "1,2";
				TEST_TARGET_NAME = DXLDemo;
			};
			name = Release;
		};
/* End XCBuildConfiguration section */

/* Begin XCConfigurationList section */
		7BABF429205901A700212DDB /* Build configuration list for PBXProject "DXLDemo" */ = {
			isa = XCConfigurationList;
			buildConfigurations = (
				7BABF458205901A700212DDB /* Debug */,
				7BABF459205901A700212DDB /* Release */,
			);
			defaultConfigurationIsVisible = 0;
			defaultConfigurationName = Release;
		};
		7BABF45A205901A700212DDB /* Build configuration list for PBXNativeTarget "DXLDemo" */ = {
			isa = XCConfigurationList;
			buildConfigurations = (
				7BABF45B205901A700212DDB /* Debug */,
				7BABF45C205901A700212DDB /* Release */,
			);
			defaultConfigurationIsVisible = 0;
			defaultConfigurationName = Release;
		};
		7BABF45D205901A700212DDB /* Build configuration list for PBXNativeTarget "DXLDemoTests" */ = {
			isa = XCConfigurationList;
			buildConfigurations = (
				7BABF45E205901A700212DDB /* Debug */,
				7BABF45F205901A700212DDB /* Release */,
			);
			defaultConfigurationIsVisible = 0;
			defaultConfigurationName = Release;
		};
		7BABF460205901A700212DDB /* Build configuration list for PBXNativeTarget "DXLDemoUITests" */ = {
			isa = XCConfigurationList;
			buildConfigurations = (
				7BABF461205901A700212DDB /* Debug */,
				7BABF462205901A700212DDB /* Release */,
			);
			defaultConfigurationIsVisible = 0;
			defaultConfigurationName = Release;
		};
/* End XCConfigurationList section */
	};
	rootObject = 7BABF426205901A700212DDB /* Project object */;
}
